# This file is autogenerated, do not edit; changes may be undone by the next 'dep ensure'.


[[projects]]
  branch = "master"
  name = "github.com/JoelOtter/termloop"
  packages = ["."]
  revision = "99de0b20653ecfbe9dc2e70a4974cf033cd4659f"

[[projects]]
  name = "github.com/mattn/go-runewidth"
  packages = ["."]
  revision = "9e777a8366cce605130a531d2cd6363d07ad7317"
  version = "v0.0.2"

[[projects]]
  branch = "master"
  name = "github.com/nsf/termbox-go"
  packages = ["."]
  revision = "88b7b944be8bc8d8ec6195fca97c5869ba20f99d"

[solve-meta]
  analyzer-name = "dep"
  analyzer-version = 1
  inputs-digest = "faec28760ca53492fb8517b153c74d6fdd892cc0e686c17d5a33fa4f3c07282e"
  solver-name = "gps-cdcl"
  solver-version = 1
